<?xml version="1.0" encoding="UTF-8"?>
<Scheme
   version = "1.3">
   <BuildAction>
      <BuildActionEntries>
         <BuildActionEntry
            buildForRunning = "YES">
            <BuildableReference
               BuildableIdentifier = "primary"
               BlueprintIdentifier = "CC14A0CC28D2061800003C0C"
               BuildableName = "evshelemekhPW1.app"
               BlueprintName = "evshelemekhPW1"
               ReferencedContainer = "container:evshelemekhPW1.xcodeproj">
            </BuildableReference>
         </BuildActionEntry>
      </BuildActionEntries>
   </BuildAction>
   <LaunchAction
      useCustomWorkingDirectory = "NO"
      buildConfiguration = "Debug"
      allowLocationSimulation = "YES">
      <BuildableProductRunnable>
         <BuildableReference
            BuildableIdentifier = "primary"
            BlueprintIdentifier = "CC14A0CC28D2061800003C0C"
            BuildableName = "evshelemekhPW1.app"
            BlueprintName = "evshelemekhPW1"
            ReferencedContainer = "container:evshelemekhPW1.xcodeproj">
         </BuildableReference>
      </BuildableProductRunnable>
   </LaunchAction>
</Scheme>
